
Microsoft Visual Studio Solution File, Format Version 12.00
# Visual Studio Version 17
VisualStudioVersion = 17.4.33213.308
MinimumVisualStudioVersion = 10.0.40219.1
Project("{FAE04EC0-301F-11D3-BF4B-00C04F79EFBC}") = "IntroToLINQAndASPNetMVC", "IntroToLINQAndASPNetMVC\IntroToLINQAndASPNetMVC.csproj", "{89BF1630-C325-499D-9484-22A6845C7AA2}"
EndProject
Global
	GlobalSection(SolutionConfigurationPlatforms) = preSolution
		Debug|Any CPU = Debug|Any CPU
		Release|Any CPU = Release|Any CPU
	EndGlobalSection
	GlobalSection(ProjectConfigurationPlatforms) = postSolution
		{89BF1630-C325-499D-9484-22A6845C7AA2}.Debug|Any CPU.ActiveCfg = Debug|Any CPU
		{89BF1630-C325-499D-9484-22A6845C7AA2}.Debug|Any CPU.Build.0 = Debug|Any CPU
		{89BF1630-C325-499D-9484-22A6845C7AA2}.Release|Any CPU.ActiveCfg = Release|Any CPU
		{89BF1630-C325-499D-9484-22A6845C7AA2}.Release|Any CPU.Build.0 = Release|Any CPU
	EndGlobalSection
	GlobalSection(SolutionProperties) = preSolution
		HideSolutionNode = FALSE
	EndGlobalSection
	GlobalSection(ExtensibilityGlobals) = postSolution
		SolutionGuid = {2703607F-6F0F-45EA-B025-A43F0FE75323}
	EndGlobalSection
EndGlobal
